
Microsoft Visual Studio Solution File, Format Version 12.00
# Visual Studio Version 17
VisualStudioVersion = 17.14.36518.9 d17.14
MinimumVisualStudioVersion = 10.0.40219.1
Project("{FAE04EC0-301F-11D3-BF4B-00C04F79EFBC}") = "TrabajoTOOSergioAbel", "TrabajoTOOSergioAbel\TrabajoTOOSergioAbel.csproj", "{ABB861BC-BFEA-4E92-B69D-0A4188DACDFA}"
EndProject
Global
	GlobalSection(SolutionConfigurationPlatforms) = preSolution
		Debug|Any CPU = Debug|Any CPU
		Release|Any CPU = Release|Any CPU
	EndGlobalSection
	GlobalSection(ProjectConfigurationPlatforms) = postSolution
		{ABB861BC-BFEA-4E92-B69D-0A4188DACDFA}.Debug|Any CPU.ActiveCfg = Debug|Any CPU
		{ABB861BC-BFEA-4E92-B69D-0A4188DACDFA}.Debug|Any CPU.Build.0 = Debug|Any CPU
		{ABB861BC-BFEA-4E92-B69D-0A4188DACDFA}.Release|Any CPU.ActiveCfg = Release|Any CPU
		{ABB861BC-BFEA-4E92-B69D-0A4188DACDFA}.Release|Any CPU.Build.0 = Release|Any CPU
	EndGlobalSection
	GlobalSection(SolutionProperties) = preSolution
		HideSolutionNode = FALSE
	EndGlobalSection
	GlobalSection(ExtensibilityGlobals) = postSolution
		SolutionGuid = {B5EAEB5A-154D-4C40-AD0B-0BEAEAF1DF96}
	EndGlobalSection
EndGlobal
